{
    "name": "writepolicy",
    "lockfileVersion": 3,
    "requires": true,
    "packages": {
      "": {
        "dependencies": {
          "@elastic/elasticsearch": "^8.8.0",
          "@maxmind/geoip2-node": "^4.0.0",
          "ip-cidr": "^3.1.0"
        }
      },
      "node_modules/@elastic/elasticsearch": {
        "version": "8.8.0",
        "resolved": "https://registry.npmjs.org/@elastic/elasticsearch/-/elasticsearch-8.8.0.tgz",
        "integrity": "sha512-IOydHcLpg9tDcLpikDrN5hx7LADEmkgHswgqTcCYXKS3FVIrfs3Rc6ALu7WU45Qe/JH0xhmwJkWVjsAk6C/nBg==",
        "dependencies": {
          "@elastic/transport": "^8.3.1",
          "tslib": "^2.4.0"
        },
        "engines": {
          "node": ">=14"
        }
      },
      "node_modules/@elastic/transport": {
        "version": "8.3.1",
        "resolved": "https://registry.npmjs.org/@elastic/transport/-/transport-8.3.1.tgz",
        "integrity": "sha512-jv/Yp2VLvv5tSMEOF8iGrtL2YsYHbpf4s+nDsItxUTLFTzuJGpnsB/xBlfsoT2kAYEnWHiSJuqrbRcpXEI/SEQ==",
        "dependencies": {
          "debug": "^4.3.4",
          "hpagent": "^1.0.0",
          "ms": "^2.1.3",
          "secure-json-parse": "^2.4.0",
          "tslib": "^2.4.0",
          "undici": "^5.5.1"
        },
        "engines": {
          "node": ">=14"
        }
      },
      "node_modules/@maxmind/geoip2-node": {
        "version": "4.0.0",
        "resolved": "https://registry.npmjs.org/@maxmind/geoip2-node/-/geoip2-node-4.0.0.tgz",
        "integrity": "sha512-wD9+XAht2uPKOJDTGw3urr3Gr37T+LAteBMfQ1hWguHQWju+UFHgeuPXlIC7Fu0Y8EcHA2nsg1YjWST4mO7FVw==",
        "dependencies": {
          "ip6addr": "^0.2.5",
          "maxmind": "^4.2.0"
        }
      },
      "node_modules/assert-plus": {
        "version": "1.0.0",
        "resolved": "https://registry.npmjs.org/assert-plus/-/assert-plus-1.0.0.tgz",
        "integrity": "sha512-NfJ4UzBCcQGLDlQq7nHxH+tv3kyZ0hHQqF5BO6J7tNJeP5do1llPr8dZ8zHonfhAu0PHAdMkSo+8o0wxg9lZWw==",
        "engines": {
          "node": ">=0.8"
        }
      },
      "node_modules/busboy": {
        "version": "1.6.0",
        "resolved": "https://registry.npmjs.org/busboy/-/busboy-1.6.0.tgz",
        "integrity": "sha512-8SFQbg/0hQ9xy3UNTB0YEnsNBbWfhf7RtnzpL7TkBiTBRfrQ9Fxcnz7VJsleJpyp6rVLvXiuORqjlHi5q+PYuA==",
        "dependencies": {
          "streamsearch": "^1.1.0"
        },
        "engines": {
          "node": ">=10.16.0"
        }
      },
      "node_modules/core-util-is": {
        "version": "1.0.2",
        "resolved": "https://registry.npmjs.org/core-util-is/-/core-util-is-1.0.2.tgz",
        "integrity": "sha512-3lqz5YjWTYnW6dlDa5TLaTCcShfar1e40rmcJVwCBJC6mWlFuj0eCHIElmG1g5kyuJ/GD+8Wn4FFCcz4gJPfaQ=="
      },
      "node_modules/debug": {
        "version": "4.3.4",
        "resolved": "https://registry.npmjs.org/debug/-/debug-4.3.4.tgz",
        "integrity": "sha512-PRWFHuSU3eDtQJPvnNY7Jcket1j0t5OuOsFzPPzsekD52Zl8qUfFIPEiswXqIvHWGVHOgX+7G/vCNNhehwxfkQ==",
        "dependencies": {
          "ms": "2.1.2"
        },
        "engines": {
          "node": ">=6.0"
        },
        "peerDependenciesMeta": {
          "supports-color": {
            "optional": true
          }
        }
      },
      "node_modules/debug/node_modules/ms": {
        "version": "2.1.2",
        "resolved": "https://registry.npmjs.org/ms/-/ms-2.1.2.tgz",
        "integrity": "sha512-sGkPx+VjMtmA6MX27oA4FBFELFCZZ4S4XqeGOXCv68tT+jb3vk/RyaKWP0PTKyWtmLSM0b+adUTEvbs1PEaH2w=="
      },
      "node_modules/extsprintf": {
        "version": "1.3.0",
        "resolved": "https://registry.npmjs.org/extsprintf/-/extsprintf-1.3.0.tgz",
        "integrity": "sha512-11Ndz7Nv+mvAC1j0ktTa7fAb0vLyGGX+rMHNBYQviQDGU0Hw7lhctJANqbPhu9nV9/izT/IntTgZ7Im/9LJs9g==",
        "engines": [
          "node >=0.6.0"
        ]
      },
      "node_modules/hpagent": {
        "version": "1.2.0",
        "resolved": "https://registry.npmjs.org/hpagent/-/hpagent-1.2.0.tgz",
        "integrity": "sha512-A91dYTeIB6NoXG+PxTQpCCDDnfHsW9kc06Lvpu1TEe9gnd6ZFeiBoRO9JvzEv6xK7EX97/dUE8g/vBMTqTS3CA==",
        "engines": {
          "node": ">=14"
        }
      },
      "node_modules/ip-address": {
        "version": "7.1.0",
        "resolved": "https://registry.npmjs.org/ip-address/-/ip-address-7.1.0.tgz",
        "integrity": "sha512-V9pWC/VJf2lsXqP7IWJ+pe3P1/HCYGBMZrrnT62niLGjAfCbeiwXMUxaeHvnVlz19O27pvXP4azs+Pj/A0x+SQ==",
        "dependencies": {
          "jsbn": "1.1.0",
          "sprintf-js": "1.1.2"
        },
        "engines": {
          "node": ">= 10"
        }
      },
      "node_modules/ip-cidr": {
        "version": "3.1.0",
        "resolved": "https://registry.npmjs.org/ip-cidr/-/ip-cidr-3.1.0.tgz",
        "integrity": "sha512-HUCn4snshEX1P8cja/IyU3qk8FVDW8T5zZcegDFbu4w7NojmAhk5NcOgj3M8+0fmumo1afJTPDtJlzsxLdOjtg==",
        "dependencies": {
          "ip-address": "^7.1.0",
          "jsbn": "^1.1.0"
        },
        "engines": {
          "node": ">=10.0.0"
        }
      },
      "node_modules/ip6addr": {
        "version": "0.2.5",
        "resolved": "https://registry.npmjs.org/ip6addr/-/ip6addr-0.2.5.tgz",
        "integrity": "sha512-9RGGSB6Zc9Ox5DpDGFnJdIeF0AsqXzdH+FspCfPPaU/L/4tI6P+5lIoFUFm9JXs9IrJv1boqAaNCQmoDADTSKQ==",
        "dependencies": {
          "assert-plus": "^1.0.0",
          "jsprim": "^2.0.2"
        }
      },
      "node_modules/jsbn": {
        "version": "1.1.0",
        "resolved": "https://registry.npmjs.org/jsbn/-/jsbn-1.1.0.tgz",
        "integrity": "sha512-4bYVV3aAMtDTTu4+xsDYa6sy9GyJ69/amsu9sYF2zqjiEoZA5xJi3BrfX3uY+/IekIu7MwdObdbDWpoZdBv3/A=="
      },
      "node_modules/json-schema": {
        "version": "0.4.0",
        "resolved": "https://registry.npmjs.org/json-schema/-/json-schema-0.4.0.tgz",
        "integrity": "sha512-es94M3nTIfsEPisRafak+HDLfHXnKBhV3vU5eqPcS3flIWqcxJWgXHXiey3YrpaNsanY5ei1VoYEbOzijuq9BA=="
      },
      "node_modules/jsprim": {
        "version": "2.0.2",
        "resolved": "https://registry.npmjs.org/jsprim/-/jsprim-2.0.2.tgz",
        "integrity": "sha512-gqXddjPqQ6G40VdnI6T6yObEC+pDNvyP95wdQhkWkg7crHH3km5qP1FsOXEkzEQwnz6gz5qGTn1c2Y52wP3OyQ==",
        "engines": [
          "node >=0.6.0"
        ],
        "dependencies": {
          "assert-plus": "1.0.0",
          "extsprintf": "1.3.0",
          "json-schema": "0.4.0",
          "verror": "1.10.0"
        }
      },
      "node_modules/maxmind": {
        "version": "4.3.11",
        "resolved": "https://registry.npmjs.org/maxmind/-/maxmind-4.3.11.tgz",
        "integrity": "sha512-tJDrKbUzN6PSA88tWgg0L2R4Ln00XwecYQJPFI+RvlF2k1sx6VQYtuQ1SVxm8+bw5tF7GWV4xyb+3/KyzEpPUw==",
        "dependencies": {
          "mmdb-lib": "2.0.2",
          "tiny-lru": "11.0.1"
        },
        "engines": {
          "node": ">=12",
          "npm": ">=6"
        }
      },
      "node_modules/mmdb-lib": {
        "version": "2.0.2",
        "resolved": "https://registry.npmjs.org/mmdb-lib/-/mmdb-lib-2.0.2.tgz",
        "integrity": "sha512-shi1I+fCPQonhTi7qyb6hr7hi87R7YS69FlfJiMFuJ12+grx0JyL56gLNzGTYXPU7EhAPkMLliGeyHer0K+AVA==",
        "engines": {
          "node": ">=10",
          "npm": ">=6"
        }
      },
      "node_modules/ms": {
        "version": "2.1.3",
        "resolved": "https://registry.npmjs.org/ms/-/ms-2.1.3.tgz",
        "integrity": "sha512-6FlzubTLZG3J2a/NVCAleEhjzq5oxgHyaCU9yYXvcLsvoVaHJq/s5xXI6/XXP6tz7R9xAOtHnSO/tXtF3WRTlA=="
      },
      "node_modules/secure-json-parse": {
        "version": "2.7.0",
        "resolved": "https://registry.npmjs.org/secure-json-parse/-/secure-json-parse-2.7.0.tgz",
        "integrity": "sha512-6aU+Rwsezw7VR8/nyvKTx8QpWH9FrcYiXXlqC4z5d5XQBDRqtbfsRjnwGyqbi3gddNtWHuEk9OANUotL26qKUw=="
      },
      "node_modules/sprintf-js": {
        "version": "1.1.2",
        "resolved": "https://registry.npmjs.org/sprintf-js/-/sprintf-js-1.1.2.tgz",
        "integrity": "sha512-VE0SOVEHCk7Qc8ulkWw3ntAzXuqf7S2lvwQaDLRnUeIEaKNQJzV6BwmLKhOqT61aGhfUMrXeaBk+oDGCzvhcug=="
      },
      "node_modules/streamsearch": {
        "version": "1.1.0",
        "resolved": "https://registry.npmjs.org/streamsearch/-/streamsearch-1.1.0.tgz",
        "integrity": "sha512-Mcc5wHehp9aXz1ax6bZUyY5afg9u2rv5cqQI3mRrYkGC8rW2hM02jWuwjtL++LS5qinSyhj2QfLyNsuc+VsExg==",
        "engines": {
          "node": ">=10.0.0"
        }
      },
      "node_modules/tiny-lru": {
        "version": "11.0.1",
        "resolved": "https://registry.npmjs.org/tiny-lru/-/tiny-lru-11.0.1.tgz",
        "integrity": "sha512-iNgFugVuQgBKrqeO/mpiTTgmBsTP0WL6yeuLfLs/Ctf0pI/ixGqIRm8sDCwMcXGe9WWvt2sGXI5mNqZbValmJg==",
        "engines": {
          "node": ">=12"
        }
      },
      "node_modules/tslib": {
        "version": "2.5.2",
        "resolved": "https://registry.npmjs.org/tslib/-/tslib-2.5.2.tgz",
        "integrity": "sha512-5svOrSA2w3iGFDs1HibEVBGbDrAY82bFQ3HZ3ixB+88nsbsWQoKqDRb5UBYAUPEzbBn6dAp5gRNXglySbx1MlA=="
      },
      "node_modules/undici": {
        "version": "5.22.1",
        "resolved": "https://registry.npmjs.org/undici/-/undici-5.22.1.tgz",
        "integrity": "sha512-Ji2IJhFXZY0x/0tVBXeQwgPlLWw13GVzpsWPQ3rV50IFMMof2I55PZZxtm4P6iNq+L5znYN9nSTAq0ZyE6lSJw==",
        "dependencies": {
          "busboy": "^1.6.0"
        },
        "engines": {
          "node": ">=14.0"
        }
      },
      "node_modules/verror": {
        "version": "1.10.0",
        "resolved": "https://registry.npmjs.org/verror/-/verror-1.10.0.tgz",
        "integrity": "sha512-ZZKSmDAEFOijERBLkmYfJ+vmk3w+7hOLYDNkRCuRuMJGEmqYNCNLyBBFwWKVMhfwaEF3WOd0Zlw86U/WC/+nYw==",
        "engines": [
          "node >=0.6.0"
        ],
        "dependencies": {
          "assert-plus": "^1.0.0",
          "core-util-is": "1.0.2",
          "extsprintf": "^1.2.0"
        }
      }
    }
  }
  